
Microsoft Visual Studio Solution File, Format Version 12.00
# Visual Studio Version 17
VisualStudioVersion = 17.8.34525.116
MinimumVisualStudioVersion = 10.0.40219.1
Project("{FAE04EC0-301F-11D3-BF4B-00C04F79EFBC}") = "ConsoleImpostoRenda", "ConsoleImpostoRenda\ConsoleImpostoRenda.csproj", "{BDAEF568-FB4E-4891-904A-46333002D158}"
EndProject
Global
	GlobalSection(SolutionConfigurationPlatforms) = preSolution
		Debug|Any CPU = Debug|Any CPU
		Release|Any CPU = Release|Any CPU
	EndGlobalSection
	GlobalSection(ProjectConfigurationPlatforms) = postSolution
		{BDAEF568-FB4E-4891-904A-46333002D158}.Debug|Any CPU.ActiveCfg = Debug|Any CPU
		{BDAEF568-FB4E-4891-904A-46333002D158}.Debug|Any CPU.Build.0 = Debug|Any CPU
		{BDAEF568-FB4E-4891-904A-46333002D158}.Release|Any CPU.ActiveCfg = Release|Any CPU
		{BDAEF568-FB4E-4891-904A-46333002D158}.Release|Any CPU.Build.0 = Release|Any CPU
	EndGlobalSection
	GlobalSection(SolutionProperties) = preSolution
		HideSolutionNode = FALSE
	EndGlobalSection
	GlobalSection(ExtensibilityGlobals) = postSolution
		SolutionGuid = {C4E4466A-12AD-4607-894C-F017A7AF8216}
	EndGlobalSection
EndGlobal
